version = 1
revision = 3
requires-python = ">=3.12, <4"

[[package]]
name = "about-time"
version = "4.2.1"
source = { registry = "https://pypi.org/simple" }
sdist = { url = "https://files.pythonhosted.org/packages/1c/3f/ccb16bdc53ebb81c1bf837c1ee4b5b0b69584fd2e4a802a2a79936691c0a/about-time-4.2.1.tar.gz", hash = "sha256:6a538862d33ce67d997429d14998310e1dbfda6cb7d9bbfbf799c4709847fece", size = 15380, upload-time = "2022-12-21T04:15:54.991Z" }
wheels = [
    { url = "https://files.pythonhosted.org/packages/fb/cd/7ee00d6aa023b1d0551da0da5fee3bc23c3eeea632fbfc5126d1fec52b7e/about_time-4.2.1-py3-none-any.whl", hash = "sha256:8bbf4c75fe13cbd3d72f49a03b02c5c7dca32169b6d49117c257e7eb3eaee341", size = 13295, upload-time = "2022-12-21T04:15:53.613Z" },
]

[[package]]
name = "alive-progress"
version = "3.3.0"
source = { registry = "https://pypi.org/simple" }
dependencies = [
    { name = "about-time" },
    { name = "graphemeu" },
]
sdist = { url = "https://files.pythonhosted.org/packages/9a/26/d43128764a6f8fe1668c4f87aba6b1fe52bea81d05a35c84a70d3c70b6f7/alive-progress-3.3.0.tar.gz", hash = "sha256:457dd2428b48dacd49854022a46448d236a48f1b7277874071c39395307e830c", size = 116281, upload-time = "2025-07-20T02:10:39.07Z" }
wheels = [
    { url = "https://files.pythonhosted.org/packages/26/85/ec72f6c885703d18f3b09769645e950e14c7d0cc0a0e35d94127983f666f/alive_progress-3.3.0-py3-none-any.whl", hash = "sha256:63dd33bb94cde15ad9e5b666dbba8fedf71b72a4935d6fb9a92931e69402c9ff", size = 78403, upload-time = "2025-07-20T02:10:37.318Z" },
]

[[package]]
name = "graphemeu"
version = "0.7.2"
source = { registry = "https://pypi.org/simple" }
sdist = { url = "https://files.pythonhosted.org/packages/76/20/d012f71e7d00e0d5bb25176b9a96c5313d0e30cf947153bfdfa78089f4bb/graphemeu-0.7.2.tar.gz", hash = "sha256:42bbe373d7c146160f286cd5f76b1a8ad29172d7333ce10705c5cc282462a4f8", size = 307626, upload-time = "2025-01-15T09:48:59.488Z" }
wheels = [
    { url = "https://files.pythonhosted.org/packages/69/18/36503ea63e1ecd0a95590d7b6b8b7d227a1e4541a154e1612a231def1bdc/graphemeu-0.7.2-py3-none-any.whl", hash = "sha256:1444520f6899fd30114fc2a39f297d86d10fa0f23bf7579f772f8bc7efaa2542", size = 22670, upload-time = "2025-01-15T09:48:57.241Z" },
]

[[package]]
name = "walrus-workshop"
version = "0.1.0"
source = { editable = "." }
dependencies = [
    { name = "alive-progress" },
]

[package.metadata]
requires-dist = [{ name = "alive-progress", specifier = ">=3.3.0" }]
